
Microsoft Visual Studio Solution File, Format Version 11.00
# Visual Studio 2010
Project("{FAE04EC0-301F-11D3-BF4B-00C04F79EFBC}") = "Serialization.Bench", "Serialization.Bench\Serialization.Bench.csproj", "{1331EA6B-3A0B-409D-98DB-CA8291206AEA}"
EndProject
Project("{FAE04EC0-301F-11D3-BF4B-00C04F79EFBC}") = "SerializersTests", "SerializersTests\SerializersTests.csproj", "{62837A28-F01C-4AD9-BA96-49A24C47BDBD}"
EndProject
Global
	GlobalSection(SolutionConfigurationPlatforms) = preSolution
		Debug|Any CPU = Debug|Any CPU
		Debug|Mixed Platforms = Debug|Mixed Platforms
		Debug|x86 = Debug|x86
		Release|Any CPU = Release|Any CPU
		Release|Mixed Platforms = Release|Mixed Platforms
		Release|x86 = Release|x86
	EndGlobalSection
	GlobalSection(ProjectConfigurationPlatforms) = postSolution
		{1331EA6B-3A0B-409D-98DB-CA8291206AEA}.Debug|Any CPU.ActiveCfg = Debug|x86
		{1331EA6B-3A0B-409D-98DB-CA8291206AEA}.Debug|Mixed Platforms.ActiveCfg = Debug|x86
		{1331EA6B-3A0B-409D-98DB-CA8291206AEA}.Debug|Mixed Platforms.Build.0 = Debug|x86
		{1331EA6B-3A0B-409D-98DB-CA8291206AEA}.Debug|x86.ActiveCfg = Debug|x86
		{1331EA6B-3A0B-409D-98DB-CA8291206AEA}.Debug|x86.Build.0 = Debug|x86
		{1331EA6B-3A0B-409D-98DB-CA8291206AEA}.Release|Any CPU.ActiveCfg = Release|x86
		{1331EA6B-3A0B-409D-98DB-CA8291206AEA}.Release|Mixed Platforms.ActiveCfg = Release|x86
		{1331EA6B-3A0B-409D-98DB-CA8291206AEA}.Release|Mixed Platforms.Build.0 = Release|x86
		{1331EA6B-3A0B-409D-98DB-CA8291206AEA}.Release|x86.ActiveCfg = Release|x86
		{1331EA6B-3A0B-409D-98DB-CA8291206AEA}.Release|x86.Build.0 = Release|x86
		{62837A28-F01C-4AD9-BA96-49A24C47BDBD}.Debug|Any CPU.ActiveCfg = Debug|Any CPU
		{62837A28-F01C-4AD9-BA96-49A24C47BDBD}.Debug|Any CPU.Build.0 = Debug|Any CPU
		{62837A28-F01C-4AD9-BA96-49A24C47BDBD}.Debug|Mixed Platforms.ActiveCfg = Debug|Any CPU
		{62837A28-F01C-4AD9-BA96-49A24C47BDBD}.Debug|Mixed Platforms.Build.0 = Debug|Any CPU
		{62837A28-F01C-4AD9-BA96-49A24C47BDBD}.Debug|x86.ActiveCfg = Debug|Any CPU
		{62837A28-F01C-4AD9-BA96-49A24C47BDBD}.Release|Any CPU.ActiveCfg = Release|Any CPU
		{62837A28-F01C-4AD9-BA96-49A24C47BDBD}.Release|Any CPU.Build.0 = Release|Any CPU
		{62837A28-F01C-4AD9-BA96-49A24C47BDBD}.Release|Mixed Platforms.ActiveCfg = Release|Any CPU
		{62837A28-F01C-4AD9-BA96-49A24C47BDBD}.Release|Mixed Platforms.Build.0 = Release|Any CPU
		{62837A28-F01C-4AD9-BA96-49A24C47BDBD}.Release|x86.ActiveCfg = Release|Any CPU
	EndGlobalSection
	GlobalSection(SolutionProperties) = preSolution
		HideSolutionNode = FALSE
	EndGlobalSection
EndGlobal
